
Microsoft Visual Studio Solution File, Format Version 12.00
# Visual Studio Version 17
VisualStudioVersion = 17.4.32916.344
MinimumVisualStudioVersion = 10.0.40219.1
Project("{9A19103F-16F7-4668-BE54-9A1E7A4F7556}") = "TestMauiBlazor", "..\TestMauiBlazor\TestMauiBlazor.csproj", "{117A0DF8-C230-43BB-99E1-8A059F390493}"
EndProject
Project("{9A19103F-16F7-4668-BE54-9A1E7A4F7556}") = "CoreBlazorApp", "CoreBlazorApp.csproj", "{94A918AD-9CB2-400F-9CCF-BE2D3C1C7AD4}"
EndProject
Project("{9A19103F-16F7-4668-BE54-9A1E7A4F7556}") = "LibPages", "..\LibPages\LibPages.csproj", "{DE4BFFB7-9D50-43D3-96BF-CB5970B0C55C}"
EndProject
Project("{9A19103F-16F7-4668-BE54-9A1E7A4F7556}") = "TestBlazorWASM", "..\TestBlazorWASM\TestBlazorWASM.csproj", "{D4BEF1C8-D7DE-4385-885A-CF270EC048E9}"
EndProject
Project("{9A19103F-16F7-4668-BE54-9A1E7A4F7556}") = "TestBlazorServer", "..\TestBlazorServer\TestBlazorServer.csproj", "{9CE3DAD2-AB8D-4918-9CE9-197A5458B59C}"
EndProject
Global
	GlobalSection(SolutionConfigurationPlatforms) = preSolution
		Debug|Any CPU = Debug|Any CPU
		Release|Any CPU = Release|Any CPU
	EndGlobalSection
	GlobalSection(ProjectConfigurationPlatforms) = postSolution
		{117A0DF8-C230-43BB-99E1-8A059F390493}.Debug|Any CPU.ActiveCfg = Debug|Any CPU
		{117A0DF8-C230-43BB-99E1-8A059F390493}.Debug|Any CPU.Build.0 = Debug|Any CPU
		{117A0DF8-C230-43BB-99E1-8A059F390493}.Debug|Any CPU.Deploy.0 = Debug|Any CPU
		{117A0DF8-C230-43BB-99E1-8A059F390493}.Release|Any CPU.ActiveCfg = Release|Any CPU
		{117A0DF8-C230-43BB-99E1-8A059F390493}.Release|Any CPU.Build.0 = Release|Any CPU
		{117A0DF8-C230-43BB-99E1-8A059F390493}.Release|Any CPU.Deploy.0 = Release|Any CPU
		{94A918AD-9CB2-400F-9CCF-BE2D3C1C7AD4}.Debug|Any CPU.ActiveCfg = Debug|Any CPU
		{94A918AD-9CB2-400F-9CCF-BE2D3C1C7AD4}.Debug|Any CPU.Build.0 = Debug|Any CPU
		{94A918AD-9CB2-400F-9CCF-BE2D3C1C7AD4}.Release|Any CPU.ActiveCfg = Release|Any CPU
		{94A918AD-9CB2-400F-9CCF-BE2D3C1C7AD4}.Release|Any CPU.Build.0 = Release|Any CPU
		{DE4BFFB7-9D50-43D3-96BF-CB5970B0C55C}.Debug|Any CPU.ActiveCfg = Debug|Any CPU
		{DE4BFFB7-9D50-43D3-96BF-CB5970B0C55C}.Debug|Any CPU.Build.0 = Debug|Any CPU
		{DE4BFFB7-9D50-43D3-96BF-CB5970B0C55C}.Release|Any CPU.ActiveCfg = Release|Any CPU
		{DE4BFFB7-9D50-43D3-96BF-CB5970B0C55C}.Release|Any CPU.Build.0 = Release|Any CPU
		{D4BEF1C8-D7DE-4385-885A-CF270EC048E9}.Debug|Any CPU.ActiveCfg = Debug|Any CPU
		{D4BEF1C8-D7DE-4385-885A-CF270EC048E9}.Debug|Any CPU.Build.0 = Debug|Any CPU
		{D4BEF1C8-D7DE-4385-885A-CF270EC048E9}.Release|Any CPU.ActiveCfg = Release|Any CPU
		{D4BEF1C8-D7DE-4385-885A-CF270EC048E9}.Release|Any CPU.Build.0 = Release|Any CPU
		{9CE3DAD2-AB8D-4918-9CE9-197A5458B59C}.Debug|Any CPU.ActiveCfg = Debug|Any CPU
		{9CE3DAD2-AB8D-4918-9CE9-197A5458B59C}.Debug|Any CPU.Build.0 = Debug|Any CPU
		{9CE3DAD2-AB8D-4918-9CE9-197A5458B59C}.Release|Any CPU.ActiveCfg = Release|Any CPU
		{9CE3DAD2-AB8D-4918-9CE9-197A5458B59C}.Release|Any CPU.Build.0 = Release|Any CPU
	EndGlobalSection
	GlobalSection(SolutionProperties) = preSolution
		HideSolutionNode = FALSE
	EndGlobalSection
	GlobalSection(ExtensibilityGlobals) = postSolution
		SolutionGuid = {88CE7392-14EA-45D4-80AD-083FE87F6540}
	EndGlobalSection
EndGlobal
